
Microsoft Visual Studio Solution File, Format Version 12.00
# Visual Studio 14
VisualStudioVersion = 14.0.25420.1
MinimumVisualStudioVersion = 10.0.40219.1
Project("{8BC9CEB8-8B4A-11D0-8D11-00A0C91BC942}") = "assrender", "assrender.vcxproj", "{A8A845C1-48C9-4D03-8D1D-6A6C023EE319}"
	ProjectSection(ProjectDependencies) = postProject
		{19677DFD-C020-434D-9CB1-D0F105E72770} = {19677DFD-C020-434D-9CB1-D0F105E72770}
	EndProjectSection
EndProject
Project("{8BC9CEB8-8B4A-11D0-8D11-00A0C91BC942}") = "libfontconfig", "SMP\fontconfig\SMP\libfontconfig.vcxproj", "{DBF1E8F7-5B7D-4CBF-842A-B7E0C02520DC}"
	ProjectSection(ProjectDependencies) = postProject
		{E62DC439-DE3B-4F2F-84DF-B34E51FA1969} = {E62DC439-DE3B-4F2F-84DF-B34E51FA1969}
		{CB8BB76F-D3FF-434E-A85E-7FFC0893EC9B} = {CB8BB76F-D3FF-434E-A85E-7FFC0893EC9B}
		{CFE70273-7A79-4815-AF95-1E02E2675E37} = {CFE70273-7A79-4815-AF95-1E02E2675E37}
	EndProjectSection
EndProject
Project("{8BC9CEB8-8B4A-11D0-8D11-00A0C91BC942}") = "libfreetype2", "SMP\freetype2\SMP\libfreetype2.vcxproj", "{E62DC439-DE3B-4F2F-84DF-B34E51FA1969}"
EndProject
Project("{8BC9CEB8-8B4A-11D0-8D11-00A0C91BC942}") = "libfribidi", "SMP\fribidi\SMP\libfribidi.vcxproj", "{08091723-A142-478B-A092-20741BA8FAE2}"
EndProject
Project("{8BC9CEB8-8B4A-11D0-8D11-00A0C91BC942}") = "libharfbuzz", "SMP\harfbuzz\SMP\libharfbuzz.vcxproj", "{9DB795B7-E8BD-4846-82A5-C6D2577B1AAF}"
	ProjectSection(ProjectDependencies) = postProject
		{E62DC439-DE3B-4F2F-84DF-B34E51FA1969} = {E62DC439-DE3B-4F2F-84DF-B34E51FA1969}
	EndProjectSection
EndProject
Project("{8BC9CEB8-8B4A-11D0-8D11-00A0C91BC942}") = "libass", "SMP\libass\SMP\libass.vcxproj", "{19677DFD-C020-434D-9CB1-D0F105E72770}"
	ProjectSection(ProjectDependencies) = postProject
		{08091723-A142-478B-A092-20741BA8FAE2} = {08091723-A142-478B-A092-20741BA8FAE2}
		{E62DC439-DE3B-4F2F-84DF-B34E51FA1969} = {E62DC439-DE3B-4F2F-84DF-B34E51FA1969}
		{CB8BB76F-D3FF-434E-A85E-7FFC0893EC9B} = {CB8BB76F-D3FF-434E-A85E-7FFC0893EC9B}
		{9DB795B7-E8BD-4846-82A5-C6D2577B1AAF} = {9DB795B7-E8BD-4846-82A5-C6D2577B1AAF}
		{DBF1E8F7-5B7D-4CBF-842A-B7E0C02520DC} = {DBF1E8F7-5B7D-4CBF-842A-B7E0C02520DC}
	EndProjectSection
EndProject
Project("{8BC9CEB8-8B4A-11D0-8D11-00A0C91BC942}") = "libiconv", "SMP\libiconv\SMP\libiconv.vcxproj", "{CB8BB76F-D3FF-434E-A85E-7FFC0893EC9B}"
EndProject
Project("{8BC9CEB8-8B4A-11D0-8D11-00A0C91BC942}") = "liblzma", "SMP\liblzma\SMP\liblzma.vcxproj", "{85763F39-23DF-4C04-B7DF-7FBE3E7CF336}"
EndProject
Project("{8BC9CEB8-8B4A-11D0-8D11-00A0C91BC942}") = "libxml2", "SMP\libxml2\SMP\libxml2.vcxproj", "{CFE70273-7A79-4815-AF95-1E02E2675E37}"
	ProjectSection(ProjectDependencies) = postProject
		{CA9A4A38-CC63-4BDB-8CFB-E058965DDA32} = {CA9A4A38-CC63-4BDB-8CFB-E058965DDA32}
		{85763F39-23DF-4C04-B7DF-7FBE3E7CF336} = {85763F39-23DF-4C04-B7DF-7FBE3E7CF336}
	EndProjectSection
EndProject
Project("{8BC9CEB8-8B4A-11D0-8D11-00A0C91BC942}") = "libzlib", "SMP\zlib\SMP\libzlib.vcxproj", "{CA9A4A38-CC63-4BDB-8CFB-E058965DDA32}"
EndProject
Global
	GlobalSection(SolutionConfigurationPlatforms) = preSolution
		Debug|x64 = Debug|x64
		Debug|x86 = Debug|x86
		DebugDLL|x64 = DebugDLL|x64
		DebugDLL|x86 = DebugDLL|x86
		DebugDLLStaticDeps|x64 = DebugDLLStaticDeps|x64
		DebugDLLStaticDeps|x86 = DebugDLLStaticDeps|x86
		Release|x64 = Release|x64
		Release|x86 = Release|x86
		ReleaseDLL|x64 = ReleaseDLL|x64
		ReleaseDLL|x86 = ReleaseDLL|x86
		ReleaseDLLStaticDeps|x64 = ReleaseDLLStaticDeps|x64
		ReleaseDLLStaticDeps|x86 = ReleaseDLLStaticDeps|x86
		ReleaseLTO|x64 = ReleaseLTO|x64
		ReleaseLTO|x86 = ReleaseLTO|x86
	EndGlobalSection
	GlobalSection(ProjectConfigurationPlatforms) = postSolution
		{A8A845C1-48C9-4D03-8D1D-6A6C023EE319}.Debug|x64.ActiveCfg = Debug|x64
		{A8A845C1-48C9-4D03-8D1D-6A6C023EE319}.Debug|x64.Build.0 = Debug|x64
		{A8A845C1-48C9-4D03-8D1D-6A6C023EE319}.Debug|x86.ActiveCfg = Debug|Win32
		{A8A845C1-48C9-4D03-8D1D-6A6C023EE319}.Debug|x86.Build.0 = Debug|Win32
		{A8A845C1-48C9-4D03-8D1D-6A6C023EE319}.DebugDLL|x64.ActiveCfg = Debug|x64
		{A8A845C1-48C9-4D03-8D1D-6A6C023EE319}.DebugDLL|x64.Build.0 = Debug|x64
		{A8A845C1-48C9-4D03-8D1D-6A6C023EE319}.DebugDLL|x86.ActiveCfg = Debug|Win32
		{A8A845C1-48C9-4D03-8D1D-6A6C023EE319}.DebugDLL|x86.Build.0 = Debug|Win32
		{A8A845C1-48C9-4D03-8D1D-6A6C023EE319}.DebugDLLStaticDeps|x64.ActiveCfg = Debug|x64
		{A8A845C1-48C9-4D03-8D1D-6A6C023EE319}.DebugDLLStaticDeps|x64.Build.0 = Debug|x64
		{A8A845C1-48C9-4D03-8D1D-6A6C023EE319}.DebugDLLStaticDeps|x86.ActiveCfg = Debug|Win32
		{A8A845C1-48C9-4D03-8D1D-6A6C023EE319}.DebugDLLStaticDeps|x86.Build.0 = Debug|Win32
		{A8A845C1-48C9-4D03-8D1D-6A6C023EE319}.Release|x64.ActiveCfg = Release|x64
		{A8A845C1-48C9-4D03-8D1D-6A6C023EE319}.Release|x64.Build.0 = Release|x64
		{A8A845C1-48C9-4D03-8D1D-6A6C023EE319}.Release|x86.ActiveCfg = Release|Win32
		{A8A845C1-48C9-4D03-8D1D-6A6C023EE319}.Release|x86.Build.0 = Release|Win32
		{A8A845C1-48C9-4D03-8D1D-6A6C023EE319}.ReleaseDLL|x64.ActiveCfg = Release|x64
		{A8A845C1-48C9-4D03-8D1D-6A6C023EE319}.ReleaseDLL|x64.Build.0 = Release|x64
		{A8A845C1-48C9-4D03-8D1D-6A6C023EE319}.ReleaseDLL|x86.ActiveCfg = Release|Win32
		{A8A845C1-48C9-4D03-8D1D-6A6C023EE319}.ReleaseDLL|x86.Build.0 = Release|Win32
		{A8A845C1-48C9-4D03-8D1D-6A6C023EE319}.ReleaseDLLStaticDeps|x64.ActiveCfg = Release|x64
		{A8A845C1-48C9-4D03-8D1D-6A6C023EE319}.ReleaseDLLStaticDeps|x64.Build.0 = Release|x64
		{A8A845C1-48C9-4D03-8D1D-6A6C023EE319}.ReleaseDLLStaticDeps|x86.ActiveCfg = Release|Win32
		{A8A845C1-48C9-4D03-8D1D-6A6C023EE319}.ReleaseDLLStaticDeps|x86.Build.0 = Release|Win32
		{A8A845C1-48C9-4D03-8D1D-6A6C023EE319}.ReleaseLTO|x64.ActiveCfg = Release|x64
		{A8A845C1-48C9-4D03-8D1D-6A6C023EE319}.ReleaseLTO|x64.Build.0 = Release|x64
		{A8A845C1-48C9-4D03-8D1D-6A6C023EE319}.ReleaseLTO|x86.ActiveCfg = Release|Win32
		{A8A845C1-48C9-4D03-8D1D-6A6C023EE319}.ReleaseLTO|x86.Build.0 = Release|Win32
		{DBF1E8F7-5B7D-4CBF-842A-B7E0C02520DC}.Debug|x64.ActiveCfg = Debug|x64
		{DBF1E8F7-5B7D-4CBF-842A-B7E0C02520DC}.Debug|x64.Build.0 = Debug|x64
		{DBF1E8F7-5B7D-4CBF-842A-B7E0C02520DC}.Debug|x86.ActiveCfg = Debug|Win32
		{DBF1E8F7-5B7D-4CBF-842A-B7E0C02520DC}.Debug|x86.Build.0 = Debug|Win32
		{DBF1E8F7-5B7D-4CBF-842A-B7E0C02520DC}.DebugDLL|x64.ActiveCfg = DebugDLL|x64
		{DBF1E8F7-5B7D-4CBF-842A-B7E0C02520DC}.DebugDLL|x64.Build.0 = DebugDLL|x64
		{DBF1E8F7-5B7D-4CBF-842A-B7E0C02520DC}.DebugDLL|x86.ActiveCfg = DebugDLL|Win32
		{DBF1E8F7-5B7D-4CBF-842A-B7E0C02520DC}.DebugDLL|x86.Build.0 = DebugDLL|Win32
		{DBF1E8F7-5B7D-4CBF-842A-B7E0C02520DC}.DebugDLLStaticDeps|x64.ActiveCfg = DebugDLLStaticDeps|x64
		{DBF1E8F7-5B7D-4CBF-842A-B7E0C02520DC}.DebugDLLStaticDeps|x64.Build.0 = DebugDLLStaticDeps|x64
		{DBF1E8F7-5B7D-4CBF-842A-B7E0C02520DC}.DebugDLLStaticDeps|x86.ActiveCfg = DebugDLLStaticDeps|Win32
		{DBF1E8F7-5B7D-4CBF-842A-B7E0C02520DC}.DebugDLLStaticDeps|x86.Build.0 = DebugDLLStaticDeps|Win32
		{DBF1E8F7-5B7D-4CBF-842A-B7E0C02520DC}.Release|x64.ActiveCfg = Release|x64
		{DBF1E8F7-5B7D-4CBF-842A-B7E0C02520DC}.Release|x64.Build.0 = Release|x64
		{DBF1E8F7-5B7D-4CBF-842A-B7E0C02520DC}.Release|x86.ActiveCfg = Release|Win32
		{DBF1E8F7-5B7D-4CBF-842A-B7E0C02520DC}.Release|x86.Build.0 = Release|Win32
		{DBF1E8F7-5B7D-4CBF-842A-B7E0C02520DC}.ReleaseDLL|x64.ActiveCfg = ReleaseDLL|x64
		{DBF1E8F7-5B7D-4CBF-842A-B7E0C02520DC}.ReleaseDLL|x64.Build.0 = ReleaseDLL|x64
		{DBF1E8F7-5B7D-4CBF-842A-B7E0C02520DC}.ReleaseDLL|x86.ActiveCfg = ReleaseDLL|Win32
		{DBF1E8F7-5B7D-4CBF-842A-B7E0C02520DC}.ReleaseDLL|x86.Build.0 = ReleaseDLL|Win32
		{DBF1E8F7-5B7D-4CBF-842A-B7E0C02520DC}.ReleaseDLLStaticDeps|x64.ActiveCfg = ReleaseDLLStaticDeps|x64
		{DBF1E8F7-5B7D-4CBF-842A-B7E0C02520DC}.ReleaseDLLStaticDeps|x64.Build.0 = ReleaseDLLStaticDeps|x64
		{DBF1E8F7-5B7D-4CBF-842A-B7E0C02520DC}.ReleaseDLLStaticDeps|x86.ActiveCfg = ReleaseDLLStaticDeps|Win32
		{DBF1E8F7-5B7D-4CBF-842A-B7E0C02520DC}.ReleaseDLLStaticDeps|x86.Build.0 = ReleaseDLLStaticDeps|Win32
		{DBF1E8F7-5B7D-4CBF-842A-B7E0C02520DC}.ReleaseLTO|x64.ActiveCfg = ReleaseLTO|x64
		{DBF1E8F7-5B7D-4CBF-842A-B7E0C02520DC}.ReleaseLTO|x64.Build.0 = ReleaseLTO|x64
		{DBF1E8F7-5B7D-4CBF-842A-B7E0C02520DC}.ReleaseLTO|x86.ActiveCfg = ReleaseLTO|Win32
		{DBF1E8F7-5B7D-4CBF-842A-B7E0C02520DC}.ReleaseLTO|x86.Build.0 = ReleaseLTO|Win32
		{E62DC439-DE3B-4F2F-84DF-B34E51FA1969}.Debug|x64.ActiveCfg = Debug|x64
		{E62DC439-DE3B-4F2F-84DF-B34E51FA1969}.Debug|x64.Build.0 = Debug|x64
		{E62DC439-DE3B-4F2F-84DF-B34E51FA1969}.Debug|x86.ActiveCfg = Debug|Win32
		{E62DC439-DE3B-4F2F-84DF-B34E51FA1969}.Debug|x86.Build.0 = Debug|Win32
		{E62DC439-DE3B-4F2F-84DF-B34E51FA1969}.DebugDLL|x64.ActiveCfg = DebugDLL|x64
		{E62DC439-DE3B-4F2F-84DF-B34E51FA1969}.DebugDLL|x64.Build.0 = DebugDLL|x64
		{E62DC439-DE3B-4F2F-84DF-B34E51FA1969}.DebugDLL|x86.ActiveCfg = DebugDLL|Win32
		{E62DC439-DE3B-4F2F-84DF-B34E51FA1969}.DebugDLL|x86.Build.0 = DebugDLL|Win32
		{E62DC439-DE3B-4F2F-84DF-B34E51FA1969}.DebugDLLStaticDeps|x64.ActiveCfg = DebugDLL|x64
		{E62DC439-DE3B-4F2F-84DF-B34E51FA1969}.DebugDLLStaticDeps|x64.Build.0 = DebugDLL|x64
		{E62DC439-DE3B-4F2F-84DF-B34E51FA1969}.DebugDLLStaticDeps|x86.ActiveCfg = DebugDLL|Win32
		{E62DC439-DE3B-4F2F-84DF-B34E51FA1969}.DebugDLLStaticDeps|x86.Build.0 = DebugDLL|Win32
		{E62DC439-DE3B-4F2F-84DF-B34E51FA1969}.Release|x64.ActiveCfg = Release|x64
		{E62DC439-DE3B-4F2F-84DF-B34E51FA1969}.Release|x64.Build.0 = Release|x64
		{E62DC439-DE3B-4F2F-84DF-B34E51FA1969}.Release|x86.ActiveCfg = Release|Win32
		{E62DC439-DE3B-4F2F-84DF-B34E51FA1969}.Release|x86.Build.0 = Release|Win32
		{E62DC439-DE3B-4F2F-84DF-B34E51FA1969}.ReleaseDLL|x64.ActiveCfg = ReleaseDLL|x64
		{E62DC439-DE3B-4F2F-84DF-B34E51FA1969}.ReleaseDLL|x64.Build.0 = ReleaseDLL|x64
		{E62DC439-DE3B-4F2F-84DF-B34E51FA1969}.ReleaseDLL|x86.ActiveCfg = ReleaseDLL|Win32
		{E62DC439-DE3B-4F2F-84DF-B34E51FA1969}.ReleaseDLL|x86.Build.0 = ReleaseDLL|Win32
		{E62DC439-DE3B-4F2F-84DF-B34E51FA1969}.ReleaseDLLStaticDeps|x64.ActiveCfg = ReleaseDLL|x64
		{E62DC439-DE3B-4F2F-84DF-B34E51FA1969}.ReleaseDLLStaticDeps|x64.Build.0 = ReleaseDLL|x64
		{E62DC439-DE3B-4F2F-84DF-B34E51FA1969}.ReleaseDLLStaticDeps|x86.ActiveCfg = ReleaseDLL|Win32
		{E62DC439-DE3B-4F2F-84DF-B34E51FA1969}.ReleaseDLLStaticDeps|x86.Build.0 = ReleaseDLL|Win32
		{E62DC439-DE3B-4F2F-84DF-B34E51FA1969}.ReleaseLTO|x64.ActiveCfg = ReleaseLTO|x64
		{E62DC439-DE3B-4F2F-84DF-B34E51FA1969}.ReleaseLTO|x64.Build.0 = ReleaseLTO|x64
		{E62DC439-DE3B-4F2F-84DF-B34E51FA1969}.ReleaseLTO|x86.ActiveCfg = ReleaseLTO|Win32
		{E62DC439-DE3B-4F2F-84DF-B34E51FA1969}.ReleaseLTO|x86.Build.0 = ReleaseLTO|Win32
		{08091723-A142-478B-A092-20741BA8FAE2}.Debug|x64.ActiveCfg = Debug|x64
		{08091723-A142-478B-A092-20741BA8FAE2}.Debug|x64.Build.0 = Debug|x64
		{08091723-A142-478B-A092-20741BA8FAE2}.Debug|x86.ActiveCfg = Debug|Win32
		{08091723-A142-478B-A092-20741BA8FAE2}.Debug|x86.Build.0 = Debug|Win32
		{08091723-A142-478B-A092-20741BA8FAE2}.DebugDLL|x64.ActiveCfg = DebugDLL|x64
		{08091723-A142-478B-A092-20741BA8FAE2}.DebugDLL|x64.Build.0 = DebugDLL|x64
		{08091723-A142-478B-A092-20741BA8FAE2}.DebugDLL|x86.ActiveCfg = DebugDLL|Win32
		{08091723-A142-478B-A092-20741BA8FAE2}.DebugDLL|x86.Build.0 = DebugDLL|Win32
		{08091723-A142-478B-A092-20741BA8FAE2}.DebugDLLStaticDeps|x64.ActiveCfg = DebugDLL|x64
		{08091723-A142-478B-A092-20741BA8FAE2}.DebugDLLStaticDeps|x64.Build.0 = DebugDLL|x64
		{08091723-A142-478B-A092-20741BA8FAE2}.DebugDLLStaticDeps|x86.ActiveCfg = DebugDLL|Win32
		{08091723-A142-478B-A092-20741BA8FAE2}.DebugDLLStaticDeps|x86.Build.0 = DebugDLL|Win32
		{08091723-A142-478B-A092-20741BA8FAE2}.Release|x64.ActiveCfg = Release|x64
		{08091723-A142-478B-A092-20741BA8FAE2}.Release|x64.Build.0 = Release|x64
		{08091723-A142-478B-A092-20741BA8FAE2}.Release|x86.ActiveCfg = Release|Win32
		{08091723-A142-478B-A092-20741BA8FAE2}.Release|x86.Build.0 = Release|Win32
		{08091723-A142-478B-A092-20741BA8FAE2}.ReleaseDLL|x64.ActiveCfg = ReleaseDLL|x64
		{08091723-A142-478B-A092-20741BA8FAE2}.ReleaseDLL|x64.Build.0 = ReleaseDLL|x64
		{08091723-A142-478B-A092-20741BA8FAE2}.ReleaseDLL|x86.ActiveCfg = ReleaseDLL|Win32
		{08091723-A142-478B-A092-20741BA8FAE2}.ReleaseDLL|x86.Build.0 = ReleaseDLL|Win32
		{08091723-A142-478B-A092-20741BA8FAE2}.ReleaseDLLStaticDeps|x64.ActiveCfg = ReleaseDLL|x64
		{08091723-A142-478B-A092-20741BA8FAE2}.ReleaseDLLStaticDeps|x64.Build.0 = ReleaseDLL|x64
		{08091723-A142-478B-A092-20741BA8FAE2}.ReleaseDLLStaticDeps|x86.ActiveCfg = ReleaseDLL|Win32
		{08091723-A142-478B-A092-20741BA8FAE2}.ReleaseDLLStaticDeps|x86.Build.0 = ReleaseDLL|Win32
		{08091723-A142-478B-A092-20741BA8FAE2}.ReleaseLTO|x64.ActiveCfg = ReleaseLTO|x64
		{08091723-A142-478B-A092-20741BA8FAE2}.ReleaseLTO|x64.Build.0 = ReleaseLTO|x64
		{08091723-A142-478B-A092-20741BA8FAE2}.ReleaseLTO|x86.ActiveCfg = ReleaseLTO|Win32
		{08091723-A142-478B-A092-20741BA8FAE2}.ReleaseLTO|x86.Build.0 = ReleaseLTO|Win32
		{9DB795B7-E8BD-4846-82A5-C6D2577B1AAF}.Debug|x64.ActiveCfg = Debug|x64
		{9DB795B7-E8BD-4846-82A5-C6D2577B1AAF}.Debug|x64.Build.0 = Debug|x64
		{9DB795B7-E8BD-4846-82A5-C6D2577B1AAF}.Debug|x86.ActiveCfg = Debug|Win32
		{9DB795B7-E8BD-4846-82A5-C6D2577B1AAF}.Debug|x86.Build.0 = Debug|Win32
		{9DB795B7-E8BD-4846-82A5-C6D2577B1AAF}.DebugDLL|x64.ActiveCfg = DebugDLL|x64
		{9DB795B7-E8BD-4846-82A5-C6D2577B1AAF}.DebugDLL|x64.Build.0 = DebugDLL|x64
		{9DB795B7-E8BD-4846-82A5-C6D2577B1AAF}.DebugDLL|x86.ActiveCfg = DebugDLL|Win32
		{9DB795B7-E8BD-4846-82A5-C6D2577B1AAF}.DebugDLL|x86.Build.0 = DebugDLL|Win32
		{9DB795B7-E8BD-4846-82A5-C6D2577B1AAF}.DebugDLLStaticDeps|x64.ActiveCfg = DebugDLLStaticDeps|x64
		{9DB795B7-E8BD-4846-82A5-C6D2577B1AAF}.DebugDLLStaticDeps|x64.Build.0 = DebugDLLStaticDeps|x64
		{9DB795B7-E8BD-4846-82A5-C6D2577B1AAF}.DebugDLLStaticDeps|x86.ActiveCfg = DebugDLLStaticDeps|Win32
		{9DB795B7-E8BD-4846-82A5-C6D2577B1AAF}.DebugDLLStaticDeps|x86.Build.0 = DebugDLLStaticDeps|Win32
		{9DB795B7-E8BD-4846-82A5-C6D2577B1AAF}.Release|x64.ActiveCfg = Release|x64
		{9DB795B7-E8BD-4846-82A5-C6D2577B1AAF}.Release|x64.Build.0 = Release|x64
		{9DB795B7-E8BD-4846-82A5-C6D2577B1AAF}.Release|x86.ActiveCfg = Release|Win32
		{9DB795B7-E8BD-4846-82A5-C6D2577B1AAF}.Release|x86.Build.0 = Release|Win32
		{9DB795B7-E8BD-4846-82A5-C6D2577B1AAF}.ReleaseDLL|x64.ActiveCfg = ReleaseDLL|x64
		{9DB795B7-E8BD-4846-82A5-C6D2577B1AAF}.ReleaseDLL|x64.Build.0 = ReleaseDLL|x64
		{9DB795B7-E8BD-4846-82A5-C6D2577B1AAF}.ReleaseDLL|x86.ActiveCfg = ReleaseDLL|Win32
		{9DB795B7-E8BD-4846-82A5-C6D2577B1AAF}.ReleaseDLL|x86.Build.0 = ReleaseDLL|Win32
		{9DB795B7-E8BD-4846-82A5-C6D2577B1AAF}.ReleaseDLLStaticDeps|x64.ActiveCfg = ReleaseDLLStaticDeps|x64
		{9DB795B7-E8BD-4846-82A5-C6D2577B1AAF}.ReleaseDLLStaticDeps|x64.Build.0 = ReleaseDLLStaticDeps|x64
		{9DB795B7-E8BD-4846-82A5-C6D2577B1AAF}.ReleaseDLLStaticDeps|x86.ActiveCfg = ReleaseDLLStaticDeps|Win32
		{9DB795B7-E8BD-4846-82A5-C6D2577B1AAF}.ReleaseDLLStaticDeps|x86.Build.0 = ReleaseDLLStaticDeps|Win32
		{9DB795B7-E8BD-4846-82A5-C6D2577B1AAF}.ReleaseLTO|x64.ActiveCfg = ReleaseLTO|x64
		{9DB795B7-E8BD-4846-82A5-C6D2577B1AAF}.ReleaseLTO|x64.Build.0 = ReleaseLTO|x64
		{9DB795B7-E8BD-4846-82A5-C6D2577B1AAF}.ReleaseLTO|x86.ActiveCfg = ReleaseLTO|Win32
		{9DB795B7-E8BD-4846-82A5-C6D2577B1AAF}.ReleaseLTO|x86.Build.0 = ReleaseLTO|Win32
		{19677DFD-C020-434D-9CB1-D0F105E72770}.Debug|x64.ActiveCfg = Debug|x64
		{19677DFD-C020-434D-9CB1-D0F105E72770}.Debug|x64.Build.0 = Debug|x64
		{19677DFD-C020-434D-9CB1-D0F105E72770}.Debug|x86.ActiveCfg = Debug|Win32
		{19677DFD-C020-434D-9CB1-D0F105E72770}.Debug|x86.Build.0 = Debug|Win32
		{19677DFD-C020-434D-9CB1-D0F105E72770}.DebugDLL|x64.ActiveCfg = DebugDLL|x64
		{19677DFD-C020-434D-9CB1-D0F105E72770}.DebugDLL|x64.Build.0 = DebugDLL|x64
		{19677DFD-C020-434D-9CB1-D0F105E72770}.DebugDLL|x86.ActiveCfg = DebugDLL|Win32
		{19677DFD-C020-434D-9CB1-D0F105E72770}.DebugDLL|x86.Build.0 = DebugDLL|Win32
		{19677DFD-C020-434D-9CB1-D0F105E72770}.DebugDLLStaticDeps|x64.ActiveCfg = DebugDLLStaticDeps|x64
		{19677DFD-C020-434D-9CB1-D0F105E72770}.DebugDLLStaticDeps|x64.Build.0 = DebugDLLStaticDeps|x64
		{19677DFD-C020-434D-9CB1-D0F105E72770}.DebugDLLStaticDeps|x86.ActiveCfg = DebugDLLStaticDeps|Win32
		{19677DFD-C020-434D-9CB1-D0F105E72770}.DebugDLLStaticDeps|x86.Build.0 = DebugDLLStaticDeps|Win32
		{19677DFD-C020-434D-9CB1-D0F105E72770}.Release|x64.ActiveCfg = Release|x64
		{19677DFD-C020-434D-9CB1-D0F105E72770}.Release|x64.Build.0 = Release|x64
		{19677DFD-C020-434D-9CB1-D0F105E72770}.Release|x86.ActiveCfg = Release|Win32
		{19677DFD-C020-434D-9CB1-D0F105E72770}.Release|x86.Build.0 = Release|Win32
		{19677DFD-C020-434D-9CB1-D0F105E72770}.ReleaseDLL|x64.ActiveCfg = ReleaseDLL|x64
		{19677DFD-C020-434D-9CB1-D0F105E72770}.ReleaseDLL|x64.Build.0 = ReleaseDLL|x64
		{19677DFD-C020-434D-9CB1-D0F105E72770}.ReleaseDLL|x86.ActiveCfg = ReleaseDLL|Win32
		{19677DFD-C020-434D-9CB1-D0F105E72770}.ReleaseDLL|x86.Build.0 = ReleaseDLL|Win32
		{19677DFD-C020-434D-9CB1-D0F105E72770}.ReleaseDLLStaticDeps|x64.ActiveCfg = ReleaseDLLStaticDeps|x64
		{19677DFD-C020-434D-9CB1-D0F105E72770}.ReleaseDLLStaticDeps|x64.Build.0 = ReleaseDLLStaticDeps|x64
		{19677DFD-C020-434D-9CB1-D0F105E72770}.ReleaseDLLStaticDeps|x86.ActiveCfg = ReleaseDLLStaticDeps|Win32
		{19677DFD-C020-434D-9CB1-D0F105E72770}.ReleaseDLLStaticDeps|x86.Build.0 = ReleaseDLLStaticDeps|Win32
		{19677DFD-C020-434D-9CB1-D0F105E72770}.ReleaseLTO|x64.ActiveCfg = ReleaseLTO|x64
		{19677DFD-C020-434D-9CB1-D0F105E72770}.ReleaseLTO|x64.Build.0 = ReleaseLTO|x64
		{19677DFD-C020-434D-9CB1-D0F105E72770}.ReleaseLTO|x86.ActiveCfg = ReleaseLTO|Win32
		{19677DFD-C020-434D-9CB1-D0F105E72770}.ReleaseLTO|x86.Build.0 = ReleaseLTO|Win32
		{CB8BB76F-D3FF-434E-A85E-7FFC0893EC9B}.Debug|x64.ActiveCfg = Debug|x64
		{CB8BB76F-D3FF-434E-A85E-7FFC0893EC9B}.Debug|x64.Build.0 = Debug|x64
		{CB8BB76F-D3FF-434E-A85E-7FFC0893EC9B}.Debug|x86.ActiveCfg = Debug|Win32
		{CB8BB76F-D3FF-434E-A85E-7FFC0893EC9B}.Debug|x86.Build.0 = Debug|Win32
		{CB8BB76F-D3FF-434E-A85E-7FFC0893EC9B}.DebugDLL|x64.ActiveCfg = DebugDLL|x64
		{CB8BB76F-D3FF-434E-A85E-7FFC0893EC9B}.DebugDLL|x64.Build.0 = DebugDLL|x64
		{CB8BB76F-D3FF-434E-A85E-7FFC0893EC9B}.DebugDLL|x86.ActiveCfg = DebugDLL|Win32
		{CB8BB76F-D3FF-434E-A85E-7FFC0893EC9B}.DebugDLL|x86.Build.0 = DebugDLL|Win32
		{CB8BB76F-D3FF-434E-A85E-7FFC0893EC9B}.DebugDLLStaticDeps|x64.ActiveCfg = DebugDLL|x64
		{CB8BB76F-D3FF-434E-A85E-7FFC0893EC9B}.DebugDLLStaticDeps|x64.Build.0 = DebugDLL|x64
		{CB8BB76F-D3FF-434E-A85E-7FFC0893EC9B}.DebugDLLStaticDeps|x86.ActiveCfg = DebugDLL|Win32
		{CB8BB76F-D3FF-434E-A85E-7FFC0893EC9B}.DebugDLLStaticDeps|x86.Build.0 = DebugDLL|Win32
		{CB8BB76F-D3FF-434E-A85E-7FFC0893EC9B}.Release|x64.ActiveCfg = Release|x64
		{CB8BB76F-D3FF-434E-A85E-7FFC0893EC9B}.Release|x64.Build.0 = Release|x64
		{CB8BB76F-D3FF-434E-A85E-7FFC0893EC9B}.Release|x86.ActiveCfg = Release|Win32
		{CB8BB76F-D3FF-434E-A85E-7FFC0893EC9B}.Release|x86.Build.0 = Release|Win32
		{CB8BB76F-D3FF-434E-A85E-7FFC0893EC9B}.ReleaseDLL|x64.ActiveCfg = ReleaseDLL|x64
		{CB8BB76F-D3FF-434E-A85E-7FFC0893EC9B}.ReleaseDLL|x64.Build.0 = ReleaseDLL|x64
		{CB8BB76F-D3FF-434E-A85E-7FFC0893EC9B}.ReleaseDLL|x86.ActiveCfg = ReleaseDLL|Win32
		{CB8BB76F-D3FF-434E-A85E-7FFC0893EC9B}.ReleaseDLL|x86.Build.0 = ReleaseDLL|Win32
		{CB8BB76F-D3FF-434E-A85E-7FFC0893EC9B}.ReleaseDLLStaticDeps|x64.ActiveCfg = ReleaseDLL|x64
		{CB8BB76F-D3FF-434E-A85E-7FFC0893EC9B}.ReleaseDLLStaticDeps|x64.Build.0 = ReleaseDLL|x64
		{CB8BB76F-D3FF-434E-A85E-7FFC0893EC9B}.ReleaseDLLStaticDeps|x86.ActiveCfg = ReleaseDLL|Win32
		{CB8BB76F-D3FF-434E-A85E-7FFC0893EC9B}.ReleaseDLLStaticDeps|x86.Build.0 = ReleaseDLL|Win32
		{CB8BB76F-D3FF-434E-A85E-7FFC0893EC9B}.ReleaseLTO|x64.ActiveCfg = ReleaseLTO|x64
		{CB8BB76F-D3FF-434E-A85E-7FFC0893EC9B}.ReleaseLTO|x64.Build.0 = ReleaseLTO|x64
		{CB8BB76F-D3FF-434E-A85E-7FFC0893EC9B}.ReleaseLTO|x86.ActiveCfg = ReleaseLTO|Win32
		{CB8BB76F-D3FF-434E-A85E-7FFC0893EC9B}.ReleaseLTO|x86.Build.0 = ReleaseLTO|Win32
		{85763F39-23DF-4C04-B7DF-7FBE3E7CF336}.Debug|x64.ActiveCfg = Debug|x64
		{85763F39-23DF-4C04-B7DF-7FBE3E7CF336}.Debug|x64.Build.0 = Debug|x64
		{85763F39-23DF-4C04-B7DF-7FBE3E7CF336}.Debug|x86.ActiveCfg = Debug|Win32
		{85763F39-23DF-4C04-B7DF-7FBE3E7CF336}.Debug|x86.Build.0 = Debug|Win32
		{85763F39-23DF-4C04-B7DF-7FBE3E7CF336}.DebugDLL|x64.ActiveCfg = DebugDLL|x64
		{85763F39-23DF-4C04-B7DF-7FBE3E7CF336}.DebugDLL|x64.Build.0 = DebugDLL|x64
		{85763F39-23DF-4C04-B7DF-7FBE3E7CF336}.DebugDLL|x86.ActiveCfg = DebugDLL|Win32
		{85763F39-23DF-4C04-B7DF-7FBE3E7CF336}.DebugDLL|x86.Build.0 = DebugDLL|Win32
		{85763F39-23DF-4C04-B7DF-7FBE3E7CF336}.DebugDLLStaticDeps|x64.ActiveCfg = DebugDLL|x64
		{85763F39-23DF-4C04-B7DF-7FBE3E7CF336}.DebugDLLStaticDeps|x64.Build.0 = DebugDLL|x64
		{85763F39-23DF-4C04-B7DF-7FBE3E7CF336}.DebugDLLStaticDeps|x86.ActiveCfg = DebugDLL|Win32
		{85763F39-23DF-4C04-B7DF-7FBE3E7CF336}.DebugDLLStaticDeps|x86.Build.0 = DebugDLL|Win32
		{85763F39-23DF-4C04-B7DF-7FBE3E7CF336}.Release|x64.ActiveCfg = Release|x64
		{85763F39-23DF-4C04-B7DF-7FBE3E7CF336}.Release|x64.Build.0 = Release|x64
		{85763F39-23DF-4C04-B7DF-7FBE3E7CF336}.Release|x86.ActiveCfg = Release|Win32
		{85763F39-23DF-4C04-B7DF-7FBE3E7CF336}.Release|x86.Build.0 = Release|Win32
		{85763F39-23DF-4C04-B7DF-7FBE3E7CF336}.ReleaseDLL|x64.ActiveCfg = ReleaseDLL|x64
		{85763F39-23DF-4C04-B7DF-7FBE3E7CF336}.ReleaseDLL|x64.Build.0 = ReleaseDLL|x64
		{85763F39-23DF-4C04-B7DF-7FBE3E7CF336}.ReleaseDLL|x86.ActiveCfg = ReleaseDLL|Win32
		{85763F39-23DF-4C04-B7DF-7FBE3E7CF336}.ReleaseDLL|x86.Build.0 = ReleaseDLL|Win32
		{85763F39-23DF-4C04-B7DF-7FBE3E7CF336}.ReleaseDLLStaticDeps|x64.ActiveCfg = ReleaseDLL|x64
		{85763F39-23DF-4C04-B7DF-7FBE3E7CF336}.ReleaseDLLStaticDeps|x64.Build.0 = ReleaseDLL|x64
		{85763F39-23DF-4C04-B7DF-7FBE3E7CF336}.ReleaseDLLStaticDeps|x86.ActiveCfg = ReleaseDLL|Win32
		{85763F39-23DF-4C04-B7DF-7FBE3E7CF336}.ReleaseDLLStaticDeps|x86.Build.0 = ReleaseDLL|Win32
		{85763F39-23DF-4C04-B7DF-7FBE3E7CF336}.ReleaseLTO|x64.ActiveCfg = ReleaseLTO|x64
		{85763F39-23DF-4C04-B7DF-7FBE3E7CF336}.ReleaseLTO|x64.Build.0 = ReleaseLTO|x64
		{85763F39-23DF-4C04-B7DF-7FBE3E7CF336}.ReleaseLTO|x86.ActiveCfg = ReleaseLTO|Win32
		{85763F39-23DF-4C04-B7DF-7FBE3E7CF336}.ReleaseLTO|x86.Build.0 = ReleaseLTO|Win32
		{CFE70273-7A79-4815-AF95-1E02E2675E37}.Debug|x64.ActiveCfg = Debug|x64
		{CFE70273-7A79-4815-AF95-1E02E2675E37}.Debug|x64.Build.0 = Debug|x64
		{CFE70273-7A79-4815-AF95-1E02E2675E37}.Debug|x86.ActiveCfg = Debug|Win32
		{CFE70273-7A79-4815-AF95-1E02E2675E37}.Debug|x86.Build.0 = Debug|Win32
		{CFE70273-7A79-4815-AF95-1E02E2675E37}.DebugDLL|x64.ActiveCfg = DebugDLL|x64
		{CFE70273-7A79-4815-AF95-1E02E2675E37}.DebugDLL|x64.Build.0 = DebugDLL|x64
		{CFE70273-7A79-4815-AF95-1E02E2675E37}.DebugDLL|x86.ActiveCfg = DebugDLL|Win32
		{CFE70273-7A79-4815-AF95-1E02E2675E37}.DebugDLL|x86.Build.0 = DebugDLL|Win32
		{CFE70273-7A79-4815-AF95-1E02E2675E37}.DebugDLLStaticDeps|x64.ActiveCfg = DebugDLLStaticDeps|x64
		{CFE70273-7A79-4815-AF95-1E02E2675E37}.DebugDLLStaticDeps|x64.Build.0 = DebugDLLStaticDeps|x64
		{CFE70273-7A79-4815-AF95-1E02E2675E37}.DebugDLLStaticDeps|x86.ActiveCfg = DebugDLLStaticDeps|Win32
		{CFE70273-7A79-4815-AF95-1E02E2675E37}.DebugDLLStaticDeps|x86.Build.0 = DebugDLLStaticDeps|Win32
		{CFE70273-7A79-4815-AF95-1E02E2675E37}.Release|x64.ActiveCfg = Release|x64
		{CFE70273-7A79-4815-AF95-1E02E2675E37}.Release|x64.Build.0 = Release|x64
		{CFE70273-7A79-4815-AF95-1E02E2675E37}.Release|x86.ActiveCfg = Release|Win32
		{CFE70273-7A79-4815-AF95-1E02E2675E37}.Release|x86.Build.0 = Release|Win32
		{CFE70273-7A79-4815-AF95-1E02E2675E37}.ReleaseDLL|x64.ActiveCfg = ReleaseDLL|x64
		{CFE70273-7A79-4815-AF95-1E02E2675E37}.ReleaseDLL|x64.Build.0 = ReleaseDLL|x64
		{CFE70273-7A79-4815-AF95-1E02E2675E37}.ReleaseDLL|x86.ActiveCfg = ReleaseDLL|Win32
		{CFE70273-7A79-4815-AF95-1E02E2675E37}.ReleaseDLL|x86.Build.0 = ReleaseDLL|Win32
		{CFE70273-7A79-4815-AF95-1E02E2675E37}.ReleaseDLLStaticDeps|x64.ActiveCfg = ReleaseDLLStaticDeps|x64
		{CFE70273-7A79-4815-AF95-1E02E2675E37}.ReleaseDLLStaticDeps|x64.Build.0 = ReleaseDLLStaticDeps|x64
		{CFE70273-7A79-4815-AF95-1E02E2675E37}.ReleaseDLLStaticDeps|x86.ActiveCfg = ReleaseDLLStaticDeps|Win32
		{CFE70273-7A79-4815-AF95-1E02E2675E37}.ReleaseDLLStaticDeps|x86.Build.0 = ReleaseDLLStaticDeps|Win32
		{CFE70273-7A79-4815-AF95-1E02E2675E37}.ReleaseLTO|x64.ActiveCfg = ReleaseLTO|x64
		{CFE70273-7A79-4815-AF95-1E02E2675E37}.ReleaseLTO|x64.Build.0 = ReleaseLTO|x64
		{CFE70273-7A79-4815-AF95-1E02E2675E37}.ReleaseLTO|x86.ActiveCfg = ReleaseLTO|Win32
		{CFE70273-7A79-4815-AF95-1E02E2675E37}.ReleaseLTO|x86.Build.0 = ReleaseLTO|Win32
		{CA9A4A38-CC63-4BDB-8CFB-E058965DDA32}.Debug|x64.ActiveCfg = Debug|x64
		{CA9A4A38-CC63-4BDB-8CFB-E058965DDA32}.Debug|x64.Build.0 = Debug|x64
		{CA9A4A38-CC63-4BDB-8CFB-E058965DDA32}.Debug|x86.ActiveCfg = Debug|Win32
		{CA9A4A38-CC63-4BDB-8CFB-E058965DDA32}.Debug|x86.Build.0 = Debug|Win32
		{CA9A4A38-CC63-4BDB-8CFB-E058965DDA32}.DebugDLL|x64.ActiveCfg = DebugDLL|x64
		{CA9A4A38-CC63-4BDB-8CFB-E058965DDA32}.DebugDLL|x64.Build.0 = DebugDLL|x64
		{CA9A4A38-CC63-4BDB-8CFB-E058965DDA32}.DebugDLL|x86.ActiveCfg = DebugDLL|Win32
		{CA9A4A38-CC63-4BDB-8CFB-E058965DDA32}.DebugDLL|x86.Build.0 = DebugDLL|Win32
		{CA9A4A38-CC63-4BDB-8CFB-E058965DDA32}.DebugDLLStaticDeps|x64.ActiveCfg = DebugDLL|x64
		{CA9A4A38-CC63-4BDB-8CFB-E058965DDA32}.DebugDLLStaticDeps|x64.Build.0 = DebugDLL|x64
		{CA9A4A38-CC63-4BDB-8CFB-E058965DDA32}.DebugDLLStaticDeps|x86.ActiveCfg = DebugDLL|Win32
		{CA9A4A38-CC63-4BDB-8CFB-E058965DDA32}.DebugDLLStaticDeps|x86.Build.0 = DebugDLL|Win32
		{CA9A4A38-CC63-4BDB-8CFB-E058965DDA32}.Release|x64.ActiveCfg = Release|x64
		{CA9A4A38-CC63-4BDB-8CFB-E058965DDA32}.Release|x64.Build.0 = Release|x64
		{CA9A4A38-CC63-4BDB-8CFB-E058965DDA32}.Release|x86.ActiveCfg = Release|Win32
		{CA9A4A38-CC63-4BDB-8CFB-E058965DDA32}.Release|x86.Build.0 = Release|Win32
		{CA9A4A38-CC63-4BDB-8CFB-E058965DDA32}.ReleaseDLL|x64.ActiveCfg = ReleaseDLL|x64
		{CA9A4A38-CC63-4BDB-8CFB-E058965DDA32}.ReleaseDLL|x64.Build.0 = ReleaseDLL|x64
		{CA9A4A38-CC63-4BDB-8CFB-E058965DDA32}.ReleaseDLL|x86.ActiveCfg = ReleaseDLL|Win32
		{CA9A4A38-CC63-4BDB-8CFB-E058965DDA32}.ReleaseDLL|x86.Build.0 = ReleaseDLL|Win32
		{CA9A4A38-CC63-4BDB-8CFB-E058965DDA32}.ReleaseDLLStaticDeps|x64.ActiveCfg = ReleaseDLL|x64
		{CA9A4A38-CC63-4BDB-8CFB-E058965DDA32}.ReleaseDLLStaticDeps|x64.Build.0 = ReleaseDLL|x64
		{CA9A4A38-CC63-4BDB-8CFB-E058965DDA32}.ReleaseDLLStaticDeps|x86.ActiveCfg = ReleaseDLL|Win32
		{CA9A4A38-CC63-4BDB-8CFB-E058965DDA32}.ReleaseDLLStaticDeps|x86.Build.0 = ReleaseDLL|Win32
		{CA9A4A38-CC63-4BDB-8CFB-E058965DDA32}.ReleaseLTO|x64.ActiveCfg = ReleaseLTO|x64
		{CA9A4A38-CC63-4BDB-8CFB-E058965DDA32}.ReleaseLTO|x64.Build.0 = ReleaseLTO|x64
		{CA9A4A38-CC63-4BDB-8CFB-E058965DDA32}.ReleaseLTO|x86.ActiveCfg = ReleaseLTO|Win32
		{CA9A4A38-CC63-4BDB-8CFB-E058965DDA32}.ReleaseLTO|x86.Build.0 = ReleaseLTO|Win32
	EndGlobalSection
	GlobalSection(SolutionProperties) = preSolution
		HideSolutionNode = FALSE
	EndGlobalSection
EndGlobal
